
Microsoft Visual Studio Solution File, Format Version 12.00
# Visual Studio Version 17
VisualStudioVersion = 17.9.34728.123
MinimumVisualStudioVersion = 10.0.40219.1
Project("{FAE04EC0-301F-11D3-BF4B-00C04F79EFBC}") = "TFCAdrianGalilea", "TFCAdrianGalilea\TFCAdrianGalilea.csproj", "{94693AF3-E51C-4E39-88DA-EF0A0434033C}"
EndProject
Project("{FAE04EC0-301F-11D3-BF4B-00C04F79EFBC}") = "Datos", "Datos\Datos.csproj", "{57BF26B9-4000-45B4-8142-187FD5D0A791}"
EndProject
Project("{FAE04EC0-301F-11D3-BF4B-00C04F79EFBC}") = "Manejo", "Manejo\Manejo.csproj", "{4B740E21-15D0-4F5E-8350-87821F452331}"
EndProject
Project("{FAE04EC0-301F-11D3-BF4B-00C04F79EFBC}") = "TestTFC", "TestTFC\TestTFC.csproj", "{9F9DE458-C8A0-4209-A58F-CD6156DB426A}"
EndProject
Global
	GlobalSection(SolutionConfigurationPlatforms) = preSolution
		Debug|Any CPU = Debug|Any CPU
		Release|Any CPU = Release|Any CPU
	EndGlobalSection
	GlobalSection(ProjectConfigurationPlatforms) = postSolution
		{94693AF3-E51C-4E39-88DA-EF0A0434033C}.Debug|Any CPU.ActiveCfg = Debug|Any CPU
		{94693AF3-E51C-4E39-88DA-EF0A0434033C}.Debug|Any CPU.Build.0 = Debug|Any CPU
		{94693AF3-E51C-4E39-88DA-EF0A0434033C}.Release|Any CPU.ActiveCfg = Release|Any CPU
		{94693AF3-E51C-4E39-88DA-EF0A0434033C}.Release|Any CPU.Build.0 = Release|Any CPU
		{57BF26B9-4000-45B4-8142-187FD5D0A791}.Debug|Any CPU.ActiveCfg = Debug|Any CPU
		{57BF26B9-4000-45B4-8142-187FD5D0A791}.Debug|Any CPU.Build.0 = Debug|Any CPU
		{57BF26B9-4000-45B4-8142-187FD5D0A791}.Release|Any CPU.ActiveCfg = Release|Any CPU
		{57BF26B9-4000-45B4-8142-187FD5D0A791}.Release|Any CPU.Build.0 = Release|Any CPU
		{4B740E21-15D0-4F5E-8350-87821F452331}.Debug|Any CPU.ActiveCfg = Debug|Any CPU
		{4B740E21-15D0-4F5E-8350-87821F452331}.Debug|Any CPU.Build.0 = Debug|Any CPU
		{4B740E21-15D0-4F5E-8350-87821F452331}.Release|Any CPU.ActiveCfg = Release|Any CPU
		{4B740E21-15D0-4F5E-8350-87821F452331}.Release|Any CPU.Build.0 = Release|Any CPU
		{9F9DE458-C8A0-4209-A58F-CD6156DB426A}.Debug|Any CPU.ActiveCfg = Debug|Any CPU
		{9F9DE458-C8A0-4209-A58F-CD6156DB426A}.Debug|Any CPU.Build.0 = Debug|Any CPU
		{9F9DE458-C8A0-4209-A58F-CD6156DB426A}.Release|Any CPU.ActiveCfg = Release|Any CPU
		{9F9DE458-C8A0-4209-A58F-CD6156DB426A}.Release|Any CPU.Build.0 = Release|Any CPU
	EndGlobalSection
	GlobalSection(SolutionProperties) = preSolution
		HideSolutionNode = FALSE
	EndGlobalSection
	GlobalSection(ExtensibilityGlobals) = postSolution
		SolutionGuid = {55813788-F2C2-4994-B41D-3D6E0D105A00}
	EndGlobalSection
EndGlobal
